
Microsoft Visual Studio Solution File, Format Version 12.00
# Visual Studio Version 16
VisualStudioVersion = 16.0.29920.165
MinimumVisualStudioVersion = 10.0.40219.1
Project("{FAE04EC0-301F-11D3-BF4B-00C04F79EFBC}") = "SDHC.Payment.Stripe", "Services\SDHC.Payment.Stripe\SDHC.Payment.Stripe.csproj", "{C3121872-6E67-4C2F-AAC5-5FD99FF3DC9B}"
EndProject
Project("{9A19103F-16F7-4668-BE54-9A1E7A4F7556}") = "SDHC.Core", "SDHC.Core\SDHC.Core.csproj", "{DC85A3FD-2E7B-4ECA-9CD9-50840C52F110}"
EndProject
Project("{9A19103F-16F7-4668-BE54-9A1E7A4F7556}") = "SDHC.Common", "SDHC.Common\SDHC.Common.csproj", "{38AC9BE4-4FD0-4DB7-827A-E0BB80E3DDE3}"
EndProject
Project("{FAE04EC0-301F-11D3-BF4B-00C04F79EFBC}") = "SDHC.Core.Test", "test\SDHC.Core.Test\SDHC.Core.Test.csproj", "{AC4C9753-16CE-4058-8B4A-47EF4546E86F}"
EndProject
Project("{9A19103F-16F7-4668-BE54-9A1E7A4F7556}") = "Core31", "Core31\Core31.csproj", "{23D4E8AF-9B5B-4AD6-9042-4094137633A1}"
EndProject
Project("{9A19103F-16F7-4668-BE54-9A1E7A4F7556}") = "SDHC.NetCore.Libs", "SDHC.Libs.NetCore\SDHC.NetCore.Libs.csproj", "{990AD3DF-943C-4490-9059-DA1BBE394C35}"
EndProject
Project("{2150E333-8FDC-42A3-9474-1A3956D46DE8}") = "Services", "Services", "{B734BDCD-A70C-498E-ACDA-D938BA77425C}"
EndProject
Project("{2150E333-8FDC-42A3-9474-1A3956D46DE8}") = "NetFramework", "NetFramework", "{E862CE58-9195-4FE3-B723-EEE237D69BEC}"
EndProject
Project("{2150E333-8FDC-42A3-9474-1A3956D46DE8}") = "Common", "Common", "{E554D37B-64B8-4CBC-A384-17E505341C41}"
EndProject
Project("{2150E333-8FDC-42A3-9474-1A3956D46DE8}") = "NetCore", "NetCore", "{D1978E71-4B93-49A7-9DFB-1C64A15B3CD4}"
EndProject
Project("{2150E333-8FDC-42A3-9474-1A3956D46DE8}") = "Tests", "Tests", "{1DA2A21C-4E3F-491F-A3E4-A33F048748E3}"
EndProject
Project("{9A19103F-16F7-4668-BE54-9A1E7A4F7556}") = "SDHC.NetCore.Models", "SDHC.NetCore.Models\SDHC.NetCore.Models.csproj", "{3F71AE8C-4059-4CDF-91A9-E2F3EC6D7F45}"
EndProject
Project("{9A19103F-16F7-4668-BE54-9A1E7A4F7556}") = "SDHC.NetCore.View", "SDHC.NetCore.View\SDHC.NetCore.View.csproj", "{F478D20A-6C53-4A5C-B7E0-203058EFC53F}"
EndProject
Project("{9A19103F-16F7-4668-BE54-9A1E7A4F7556}") = "SDHC.NetCore.Chat", "NetCore\SDHC.NetCore.Chat\SDHC.NetCore.Chat.csproj", "{9E77BA7D-A231-4513-BA8D-FA19EF2FBCB4}"
EndProject
Global
	GlobalSection(SolutionConfigurationPlatforms) = preSolution
		Debug|Any CPU = Debug|Any CPU
		Release|Any CPU = Release|Any CPU
	EndGlobalSection
	GlobalSection(ProjectConfigurationPlatforms) = postSolution
		{C3121872-6E67-4C2F-AAC5-5FD99FF3DC9B}.Debug|Any CPU.ActiveCfg = Debug|Any CPU
		{C3121872-6E67-4C2F-AAC5-5FD99FF3DC9B}.Debug|Any CPU.Build.0 = Debug|Any CPU
		{C3121872-6E67-4C2F-AAC5-5FD99FF3DC9B}.Release|Any CPU.ActiveCfg = Release|Any CPU
		{C3121872-6E67-4C2F-AAC5-5FD99FF3DC9B}.Release|Any CPU.Build.0 = Release|Any CPU
		{DC85A3FD-2E7B-4ECA-9CD9-50840C52F110}.Debug|Any CPU.ActiveCfg = Debug|Any CPU
		{DC85A3FD-2E7B-4ECA-9CD9-50840C52F110}.Debug|Any CPU.Build.0 = Debug|Any CPU
		{DC85A3FD-2E7B-4ECA-9CD9-50840C52F110}.Release|Any CPU.ActiveCfg = Release|Any CPU
		{DC85A3FD-2E7B-4ECA-9CD9-50840C52F110}.Release|Any CPU.Build.0 = Release|Any CPU
		{38AC9BE4-4FD0-4DB7-827A-E0BB80E3DDE3}.Debug|Any CPU.ActiveCfg = Debug|Any CPU
		{38AC9BE4-4FD0-4DB7-827A-E0BB80E3DDE3}.Debug|Any CPU.Build.0 = Debug|Any CPU
		{38AC9BE4-4FD0-4DB7-827A-E0BB80E3DDE3}.Release|Any CPU.ActiveCfg = Release|Any CPU
		{38AC9BE4-4FD0-4DB7-827A-E0BB80E3DDE3}.Release|Any CPU.Build.0 = Release|Any CPU
		{AC4C9753-16CE-4058-8B4A-47EF4546E86F}.Debug|Any CPU.ActiveCfg = Debug|Any CPU
		{AC4C9753-16CE-4058-8B4A-47EF4546E86F}.Debug|Any CPU.Build.0 = Debug|Any CPU
		{AC4C9753-16CE-4058-8B4A-47EF4546E86F}.Release|Any CPU.ActiveCfg = Release|Any CPU
		{AC4C9753-16CE-4058-8B4A-47EF4546E86F}.Release|Any CPU.Build.0 = Release|Any CPU
		{23D4E8AF-9B5B-4AD6-9042-4094137633A1}.Debug|Any CPU.ActiveCfg = Debug|Any CPU
		{23D4E8AF-9B5B-4AD6-9042-4094137633A1}.Debug|Any CPU.Build.0 = Debug|Any CPU
		{23D4E8AF-9B5B-4AD6-9042-4094137633A1}.Release|Any CPU.ActiveCfg = Release|Any CPU
		{23D4E8AF-9B5B-4AD6-9042-4094137633A1}.Release|Any CPU.Build.0 = Release|Any CPU
		{990AD3DF-943C-4490-9059-DA1BBE394C35}.Debug|Any CPU.ActiveCfg = Debug|Any CPU
		{990AD3DF-943C-4490-9059-DA1BBE394C35}.Debug|Any CPU.Build.0 = Debug|Any CPU
		{990AD3DF-943C-4490-9059-DA1BBE394C35}.Release|Any CPU.ActiveCfg = Release|Any CPU
		{990AD3DF-943C-4490-9059-DA1BBE394C35}.Release|Any CPU.Build.0 = Release|Any CPU
		{3F71AE8C-4059-4CDF-91A9-E2F3EC6D7F45}.Debug|Any CPU.ActiveCfg = Debug|Any CPU
		{3F71AE8C-4059-4CDF-91A9-E2F3EC6D7F45}.Debug|Any CPU.Build.0 = Debug|Any CPU
		{3F71AE8C-4059-4CDF-91A9-E2F3EC6D7F45}.Release|Any CPU.ActiveCfg = Release|Any CPU
		{3F71AE8C-4059-4CDF-91A9-E2F3EC6D7F45}.Release|Any CPU.Build.0 = Release|Any CPU
		{F478D20A-6C53-4A5C-B7E0-203058EFC53F}.Debug|Any CPU.ActiveCfg = Debug|Any CPU
		{F478D20A-6C53-4A5C-B7E0-203058EFC53F}.Debug|Any CPU.Build.0 = Debug|Any CPU
		{F478D20A-6C53-4A5C-B7E0-203058EFC53F}.Release|Any CPU.ActiveCfg = Release|Any CPU
		{F478D20A-6C53-4A5C-B7E0-203058EFC53F}.Release|Any CPU.Build.0 = Release|Any CPU
		{9E77BA7D-A231-4513-BA8D-FA19EF2FBCB4}.Debug|Any CPU.ActiveCfg = Debug|Any CPU
		{9E77BA7D-A231-4513-BA8D-FA19EF2FBCB4}.Debug|Any CPU.Build.0 = Debug|Any CPU
		{9E77BA7D-A231-4513-BA8D-FA19EF2FBCB4}.Release|Any CPU.ActiveCfg = Release|Any CPU
		{9E77BA7D-A231-4513-BA8D-FA19EF2FBCB4}.Release|Any CPU.Build.0 = Release|Any CPU
	EndGlobalSection
	GlobalSection(SolutionProperties) = preSolution
		HideSolutionNode = FALSE
	EndGlobalSection
	GlobalSection(NestedProjects) = preSolution
		{C3121872-6E67-4C2F-AAC5-5FD99FF3DC9B} = {B734BDCD-A70C-498E-ACDA-D938BA77425C}
		{DC85A3FD-2E7B-4ECA-9CD9-50840C52F110} = {E554D37B-64B8-4CBC-A384-17E505341C41}
		{38AC9BE4-4FD0-4DB7-827A-E0BB80E3DDE3} = {E554D37B-64B8-4CBC-A384-17E505341C41}
		{AC4C9753-16CE-4058-8B4A-47EF4546E86F} = {1DA2A21C-4E3F-491F-A3E4-A33F048748E3}
		{990AD3DF-943C-4490-9059-DA1BBE394C35} = {D1978E71-4B93-49A7-9DFB-1C64A15B3CD4}
		{3F71AE8C-4059-4CDF-91A9-E2F3EC6D7F45} = {D1978E71-4B93-49A7-9DFB-1C64A15B3CD4}
		{F478D20A-6C53-4A5C-B7E0-203058EFC53F} = {D1978E71-4B93-49A7-9DFB-1C64A15B3CD4}
		{9E77BA7D-A231-4513-BA8D-FA19EF2FBCB4} = {D1978E71-4B93-49A7-9DFB-1C64A15B3CD4}
	EndGlobalSection
	GlobalSection(ExtensibilityGlobals) = postSolution
		SolutionGuid = {98DFF2B5-ECA0-41BF-BAF8-FE21AFF9D403}
	EndGlobalSection
EndGlobal
