
Microsoft Visual Studio Solution File, Format Version 12.00
# Visual Studio 15
VisualStudioVersion = 15.0.27703.2000
MinimumVisualStudioVersion = 10.0.40219.1
Project("{FAE04EC0-301F-11D3-BF4B-00C04F79EFBC}") = "WebSQL", "WebSQL\WebSQL.csproj", "{1EA6F42A-5800-476B-A185-67ECFA60B5C7}"
EndProject
Project("{FAE04EC0-301F-11D3-BF4B-00C04F79EFBC}") = "Entities", "Entity\Entities.csproj", "{F2C8F800-1B09-4F8C-8099-EDBF5088098D}"
EndProject
Project("{FAE04EC0-301F-11D3-BF4B-00C04F79EFBC}") = "SDHC.Common.Entity", "SDHC.Common.Entity\SDHC.Common.Entity.csproj", "{27B1CE81-9446-4E82-A23D-10D6F4269C16}"
EndProject
Project("{FAE04EC0-301F-11D3-BF4B-00C04F79EFBC}") = "SDHC.Payment.Stripe", "Services\SDHC.Payment.Stripe\SDHC.Payment.Stripe.csproj", "{C3121872-6E67-4C2F-AAC5-5FD99FF3DC9B}"
EndProject
Project("{FAE04EC0-301F-11D3-BF4B-00C04F79EFBC}") = "Admin", "Admin\Admin.csproj", "{429CB85D-6359-4365-B5D4-8E97722A730D}"
EndProject
Global
	GlobalSection(SolutionConfigurationPlatforms) = preSolution
		Debug|Any CPU = Debug|Any CPU
		Release|Any CPU = Release|Any CPU
	EndGlobalSection
	GlobalSection(ProjectConfigurationPlatforms) = postSolution
		{1EA6F42A-5800-476B-A185-67ECFA60B5C7}.Debug|Any CPU.ActiveCfg = Debug|Any CPU
		{1EA6F42A-5800-476B-A185-67ECFA60B5C7}.Debug|Any CPU.Build.0 = Debug|Any CPU
		{1EA6F42A-5800-476B-A185-67ECFA60B5C7}.Release|Any CPU.ActiveCfg = Release|Any CPU
		{1EA6F42A-5800-476B-A185-67ECFA60B5C7}.Release|Any CPU.Build.0 = Release|Any CPU
		{F2C8F800-1B09-4F8C-8099-EDBF5088098D}.Debug|Any CPU.ActiveCfg = Debug|Any CPU
		{F2C8F800-1B09-4F8C-8099-EDBF5088098D}.Debug|Any CPU.Build.0 = Debug|Any CPU
		{F2C8F800-1B09-4F8C-8099-EDBF5088098D}.Release|Any CPU.ActiveCfg = Release|Any CPU
		{F2C8F800-1B09-4F8C-8099-EDBF5088098D}.Release|Any CPU.Build.0 = Release|Any CPU
		{27B1CE81-9446-4E82-A23D-10D6F4269C16}.Debug|Any CPU.ActiveCfg = Debug|Any CPU
		{27B1CE81-9446-4E82-A23D-10D6F4269C16}.Debug|Any CPU.Build.0 = Debug|Any CPU
		{27B1CE81-9446-4E82-A23D-10D6F4269C16}.Release|Any CPU.ActiveCfg = Release|Any CPU
		{27B1CE81-9446-4E82-A23D-10D6F4269C16}.Release|Any CPU.Build.0 = Release|Any CPU
		{C3121872-6E67-4C2F-AAC5-5FD99FF3DC9B}.Debug|Any CPU.ActiveCfg = Debug|Any CPU
		{C3121872-6E67-4C2F-AAC5-5FD99FF3DC9B}.Debug|Any CPU.Build.0 = Debug|Any CPU
		{C3121872-6E67-4C2F-AAC5-5FD99FF3DC9B}.Release|Any CPU.ActiveCfg = Release|Any CPU
		{C3121872-6E67-4C2F-AAC5-5FD99FF3DC9B}.Release|Any CPU.Build.0 = Release|Any CPU
		{429CB85D-6359-4365-B5D4-8E97722A730D}.Debug|Any CPU.ActiveCfg = Debug|Any CPU
		{429CB85D-6359-4365-B5D4-8E97722A730D}.Debug|Any CPU.Build.0 = Debug|Any CPU
		{429CB85D-6359-4365-B5D4-8E97722A730D}.Release|Any CPU.ActiveCfg = Release|Any CPU
		{429CB85D-6359-4365-B5D4-8E97722A730D}.Release|Any CPU.Build.0 = Release|Any CPU
	EndGlobalSection
	GlobalSection(SolutionProperties) = preSolution
		HideSolutionNode = FALSE
	EndGlobalSection
	GlobalSection(ExtensibilityGlobals) = postSolution
		SolutionGuid = {98DFF2B5-ECA0-41BF-BAF8-FE21AFF9D403}
	EndGlobalSection
EndGlobal
